
Microsoft Visual Studio Solution File, Format Version 12.00
# Visual Studio Version 17
VisualStudioVersion = 17.9.34728.123
MinimumVisualStudioVersion = 10.0.40219.1
Project("{FAE04EC0-301F-11D3-BF4B-00C04F79EFBC}") = "ex12_WPF_Project", "ex12_WPF_Project\ex12_WPF_Project.csproj", "{D46DE152-CD50-4DE0-8B97-76A22B4409B7}"
EndProject
Global
	GlobalSection(SolutionConfigurationPlatforms) = preSolution
		Debug|Any CPU = Debug|Any CPU
		Release|Any CPU = Release|Any CPU
	EndGlobalSection
	GlobalSection(ProjectConfigurationPlatforms) = postSolution
		{D46DE152-CD50-4DE0-8B97-76A22B4409B7}.Debug|Any CPU.ActiveCfg = Debug|Any CPU
		{D46DE152-CD50-4DE0-8B97-76A22B4409B7}.Debug|Any CPU.Build.0 = Debug|Any CPU
		{D46DE152-CD50-4DE0-8B97-76A22B4409B7}.Release|Any CPU.ActiveCfg = Release|Any CPU
		{D46DE152-CD50-4DE0-8B97-76A22B4409B7}.Release|Any CPU.Build.0 = Release|Any CPU
	EndGlobalSection
	GlobalSection(SolutionProperties) = preSolution
		HideSolutionNode = FALSE
	EndGlobalSection
	GlobalSection(ExtensibilityGlobals) = postSolution
		SolutionGuid = {C06AB671-7F35-4115-B5AA-C23305F1669A}
	EndGlobalSection
EndGlobal
